// !$*UTF8*$!
{
	archiveVersion = 1;
	classes = {
	};
	objectVersion = 56;
	objects = {

/* Begin PBXBuildFile section */
		4E4DDEDE29C10EEF003191EB /* MiaMate_2App.swift in Sources */ = {isa = PBXBuildFile; fileRef = 4E4DDEDD29C10EEF003191EB /* MiaMate_2App.swift */; };
		4E4DDEE029C10EEF003191EB /* ContentView.swift in Sources */ = {isa = PBXBuildFile; fileRef = 4E4DDEDF29C10EEF003191EB /* ContentView.swift */; };
		4E4DDEE229C10EF1003191EB /* Assets.xcassets in Resources */ = {isa = PBXBuildFile; fileRef = 4E4DDEE129C10EF1003191EB /* Assets.xcassets */; };
		4E4DDEE529C10EF1003191EB /* Preview Assets.xcassets in Resources */ = {isa = PBXBuildFile; fileRef = 4E4DDEE429C10EF1003191EB /* Preview Assets.xcassets */; };
		4E4DDEE729C10EF1003191EB /* Persistence.swift in Sources */ = {isa = PBXBuildFile; fileRef = 4E4DDEE629C10EF1003191EB /* Persistence.swift */; };
		4E4DDEEA29C10EF1003191EB /* MiaMate_2.xcdatamodeld in Sources */ = {isa = PBXBuildFile; fileRef = 4E4DDEE829C10EF1003191EB /* MiaMate_2.xcdatamodeld */; };
		4E4DDEF129C10F93003191EB /* ViewModel.swift in Sources */ = {isa = PBXBuildFile; fileRef = 4E4DDEF029C10F93003191EB /* ViewModel.swift */; };
		4E4DDEF329C10FBF003191EB /* ImageSpeechView .swift in Sources */ = {isa = PBXBuildFile; fileRef = 4E4DDEF229C10FBF003191EB /* ImageSpeechView .swift */; };
		4E4DDEF629C1106E003191EB /* OpenAISwift in Frameworks */ = {isa = PBXBuildFile; productRef = 4E4DDEF529C1106E003191EB /* OpenAISwift */; };
		4E4DDEFC29C11592003191EB /* ImageParameters .swift in Sources */ = {isa = PBXBuildFile; fileRef = 4E4DDEFB29C11592003191EB /* ImageParameters .swift */; };
/* End PBXBuildFile section */

/* Begin PBXFileReference section */
		4E03EEEE29C1EBDD00B31421 /* Avatar.mp4 */ = {isa = PBXFileReference; lastKnownFileType = file; name = Avatar.mp4; path = ../../Avatar.mp4; sourceTree = "<group>"; };
		4E4DDEDA29C10EEF003191EB /* MiaMate.2.app */ = {isa = PBXFileReference; explicitFileType = wrapper.application; includeInIndex = 0; path = MiaMate.2.app; sourceTree = BUILT_PRODUCTS_DIR; };
		4E4DDEDD29C10EEF003191EB /* MiaMate_2App.swift */ = {isa = PBXFileReference; lastKnownFileType = sourcecode.swift; path = MiaMate_2App.swift; sourceTree = "<group>"; };
		4E4DDEDF29C10EEF003191EB /* ContentView.swift */ = {isa = PBXFileReference; lastKnownFileType = sourcecode.swift; path = ContentView.swift; sourceTree = "<group>"; wrapsLines = 0; };
		4E4DDEE129C10EF1003191EB /* Assets.xcassets */ = {isa = PBXFileReference; lastKnownFileType = folder.assetcatalog; path = Assets.xcassets; sourceTree = "<group>"; };
		4E4DDEE429C10EF1003191EB /* Preview Assets.xcassets */ = {isa = PBXFileReference; lastKnownFileType = folder.assetcatalog; path = "Preview Assets.xcassets"; sourceTree = "<group>"; };
		4E4DDEE629C10EF1003191EB /* Persistence.swift */ = {isa = PBXFileReference; lastKnownFileType = sourcecode.swift; path = Persistence.swift; sourceTree = "<group>"; };
		4E4DDEE929C10EF1003191EB /* MiaMate_2.xcdatamodel */ = {isa = PBXFileReference; lastKnownFileType = wrapper.xcdatamodel; path = MiaMate_2.xcdatamodel; sourceTree = "<group>"; };
		4E4DDEF029C10F93003191EB /* ViewModel.swift */ = {isa = PBXFileReference; lastKnownFileType = sourcecode.swift; path = ViewModel.swift; sourceTree = "<group>"; };
		4E4DDEF229C10FBF003191EB /* ImageSpeechView .swift */ = {isa = PBXFileReference; lastKnownFileType = sourcecode.swift; path = "ImageSpeechView .swift"; sourceTree = "<group>"; wrapsLines = 0; };
		4E4DDEFB29C11592003191EB /* ImageParameters .swift */ = {isa = PBXFileReference; lastKnownFileType = sourcecode.swift; path = "ImageParameters .swift"; sourceTree = "<group>"; wrapsLines = 1; };
/* End PBXFileReference section */

/* Begin PBXFrameworksBuildPhase section */
		4E4DDED729C10EEF003191EB /* Frameworks */ = {
			isa = PBXFrameworksBuildPhase;
			buildActionMask = 2147483647;
			files = (
				4E4DDEF629C1106E003191EB /* OpenAISwift in Frameworks */,
			);
			runOnlyForDeploymentPostprocessing = 0;
		};
/* End PBXFrameworksBuildPhase section */

/* Begin PBXGroup section */
		4E4DDED129C10EEF003191EB = {
			isa = PBXGroup;
			children = (
				4E4DDEDC29C10EEF003191EB /* MiaMate.2 */,
				4E4DDEDB29C10EEF003191EB /* Products */,
			);
			sourceTree = "<group>";
		};
		4E4DDEDB29C10EEF003191EB /* Products */ = {
			isa = PBXGroup;
			children = (
				4E4DDEDA29C10EEF003191EB /* MiaMate.2.app */,
			);
			name = Products;
			sourceTree = "<group>";
		};
		4E4DDEDC29C10EEF003191EB /* MiaMate.2 */ = {
			isa = PBXGroup;
			children = (
				4E4DDEDD29C10EEF003191EB /* MiaMate_2App.swift */,
				4E4DDEDF29C10EEF003191EB /* ContentView.swift */,
				4E4DDEF029C10F93003191EB /* ViewModel.swift */,
				4E4DDEF229C10FBF003191EB /* ImageSpeechView .swift */,
				4E03EEEE29C1EBDD00B31421 /* Avatar.mp4 */,
				4E4DDEFB29C11592003191EB /* ImageParameters .swift */,
				4E4DDEE129C10EF1003191EB /* Assets.xcassets */,
				4E4DDEE629C10EF1003191EB /* Persistence.swift */,
				4E4DDEE829C10EF1003191EB /* MiaMate_2.xcdatamodeld */,
				4E4DDEE329C10EF1003191EB /* Preview Content */,
			);
			path = MiaMate.2;
			sourceTree = "<group>";
		};
		4E4DDEE329C10EF1003191EB /* Preview Content */ = {
			isa = PBXGroup;
			children = (
				4E4DDEE429C10EF1003191EB /* Preview Assets.xcassets */,
			);
			path = "Preview Content";
			sourceTree = "<group>";
		};
/* End PBXGroup section */

/* Begin PBXNativeTarget section */
		4E4DDED929C10EEF003191EB /* MiaMate.2 */ = {
			isa = PBXNativeTarget;
			buildConfigurationList = 4E4DDEED29C10EF1003191EB /* Build configuration list for PBXNativeTarget "MiaMate.2" */;
			buildPhases = (
				4E4DDED629C10EEF003191EB /* Sources */,
				4E4DDED729C10EEF003191EB /* Frameworks */,
				4E4DDED829C10EEF003191EB /* Resources */,
			);
			buildRules = (
			);
			dependencies = (
			);
			name = MiaMate.2;
			packageProductDependencies = (
				4E4DDEF529C1106E003191EB /* OpenAISwift */,
			);
			productName = MiaMate.2;
			productReference = 4E4DDEDA29C10EEF003191EB /* MiaMate.2.app */;
			productType = "com.apple.product-type.application";
		};
/* End PBXNativeTarget section */

/* Begin PBXProject section */
		4E4DDED229C10EEF003191EB /* Project object */ = {
			isa = PBXProject;
			attributes = {
				BuildIndependentTargetsInParallel = 1;
				LastSwiftUpdateCheck = 1420;
				LastUpgradeCheck = 1420;
				TargetAttributes = {
					4E4DDED929C10EEF003191EB = {
						CreatedOnToolsVersion = 14.2;
					};
				};
			};
			buildConfigurationList = 4E4DDED529C10EEF003191EB /* Build configuration list for PBXProject "MiaMate.2" */;
			compatibilityVersion = "Xcode 14.0";
			developmentRegion = en;
			hasScannedForEncodings = 0;
			knownRegions = (
				en,
				Base,
			);
			mainGroup = 4E4DDED129C10EEF003191EB;
			packageReferences = (
				4E4DDEF429C1106E003191EB /* XCRemoteSwiftPackageReference "OpenAISwift" */,
			);
			productRefGroup = 4E4DDEDB29C10EEF003191EB /* Products */;
			projectDirPath = "";
			projectRoot = "";
			targets = (
				4E4DDED929C10EEF003191EB /* MiaMate.2 */,
			);
		};
/* End PBXProject section */

/* Begin PBXResourcesBuildPhase section */
		4E4DDED829C10EEF003191EB /* Resources */ = {
			isa = PBXResourcesBuildPhase;
			buildActionMask = 2147483647;
			files = (
				4E4DDEE529C10EF1003191EB /* Preview Assets.xcassets in Resources */,
				4E4DDEE229C10EF1003191EB /* Assets.xcassets in Resources */,
			);
			runOnlyForDeploymentPostprocessing = 0;
		};
/* End PBXResourcesBuildPhase section */

/* Begin PBXSourcesBuildPhase section */
		4E4DDED629C10EEF003191EB /* Sources */ = {
			isa = PBXSourcesBuildPhase;
			buildActionMask = 2147483647;
			files = (
				4E4DDEFC29C11592003191EB /* ImageParameters .swift in Sources */,
				4E4DDEF129C10F93003191EB /* ViewModel.swift in Sources */,
				4E4DDEF329C10FBF003191EB /* ImageSpeechView .swift in Sources */,
				4E4DDEE729C10EF1003191EB /* Persistence.swift in Sources */,
				4E4DDEEA29C10EF1003191EB /* MiaMate_2.xcdatamodeld in Sources */,
				4E4DDEE029C10EEF003191EB /* ContentView.swift in Sources */,
				4E4DDEDE29C10EEF003191EB /* MiaMate_2App.swift in Sources */,
			);
			runOnlyForDeploymentPostprocessing = 0;
		};
/* End PBXSourcesBuildPhase section */

/* Begin XCBuildConfiguration section */
		4E4DDEEB29C10EF1003191EB /* Debug */ = {
			isa = XCBuildConfiguration;
			buildSettings = {
				ALWAYS_SEARCH_USER_PATHS = NO;
				CLANG_ANALYZER_NONNULL = YES;
				CLANG_ANALYZER_NUMBER_OBJECT_CONVERSION = YES_AGGRESSIVE;
				CLANG_CXX_LANGUAGE_STANDARD = "gnu++20";
				CLANG_ENABLE_MODULES = YES;
				CLANG_ENABLE_OBJC_ARC = YES;
				CLANG_ENABLE_OBJC_WEAK = YES;
				CLANG_WARN_BLOCK_CAPTURE_AUTORELEASING = YES;
				CLANG_WARN_BOOL_CONVERSION = YES;
				CLANG_WARN_COMMA = YES;
				CLANG_WARN_CONSTANT_CONVERSION = YES;
				CLANG_WARN_DEPRECATED_OBJC_IMPLEMENTATIONS = YES;
				CLANG_WARN_DIRECT_OBJC_ISA_USAGE = YES_ERROR;
				CLANG_WARN_DOCUMENTATION_COMMENTS = YES;
				CLANG_WARN_EMPTY_BODY = YES;
				CLANG_WARN_ENUM_CONVERSION = YES;
				CLANG_WARN_INFINITE_RECURSION = YES;
				CLANG_WARN_INT_CONVERSION = YES;
				CLANG_WARN_NON_LITERAL_NULL_CONVERSION = YES;
				CLANG_WARN_OBJC_IMPLICIT_RETAIN_SELF = YES;
				CLANG_WARN_OBJC_LITERAL_CONVERSION = YES;
				CLANG_WARN_OBJC_ROOT_CLASS = YES_ERROR;
				CLANG_WARN_QUOTED_INCLUDE_IN_FRAMEWORK_HEADER = YES;
				CLANG_WARN_RANGE_LOOP_ANALYSIS = YES;
				CLANG_WARN_STRICT_PROTOTYPES = YES;
				CLANG_WARN_SUSPICIOUS_MOVE = YES;
				CLANG_WARN_UNGUARDED_AVAILABILITY = YES_AGGRESSIVE;
				CLANG_WARN_UNREACHABLE_CODE = YES;
				CLANG_WARN__DUPLICATE_METHOD_MATCH = YES;
				COPY_PHASE_STRIP = NO;
				DEBUG_INFORMATION_FORMAT = dwarf;
				ENABLE_STRICT_OBJC_MSGSEND = YES;
				ENABLE_TESTABILITY = YES;
				GCC_C_LANGUAGE_STANDARD = gnu11;
				GCC_DYNAMIC_NO_PIC = NO;
				GCC_NO_COMMON_BLOCKS = YES;
				GCC_OPTIMIZATION_LEVEL = 0;
				GCC_PREPROCESSOR_DEFINITIONS = (
					"DEBUG=1",
					"$(inherited)",
				);
				GCC_WARN_64_TO_32_BIT_CONVERSION = YES;
				GCC_WARN_ABOUT_RETURN_TYPE = YES_ERROR;
				GCC_WARN_UNDECLARED_SELECTOR = YES;
				GCC_WARN_UNINITIALIZED_AUTOS = YES_AGGRESSIVE;
				GCC_WARN_UNUSED_FUNCTION = YES;
				GCC_WARN_UNUSED_VARIABLE = YES;
				IPHONEOS_DEPLOYMENT_TARGET = 16.2;
				MTL_ENABLE_DEBUG_INFO = INCLUDE_SOURCE;
				MTL_FAST_MATH = YES;
				ONLY_ACTIVE_ARCH = YES;
				SDKROOT = iphoneos;
				SWIFT_ACTIVE_COMPILATION_CONDITIONS = DEBUG;
				SWIFT_OPTIMIZATION_LEVEL = "-Onone";
			};
			name = Debug;
		};
		4E4DDEEC29C10EF1003191EB /* Release */ = {
			isa = XCBuildConfiguration;
			buildSettings = {
				ALWAYS_SEARCH_USER_PATHS = NO;
				CLANG_ANALYZER_NONNULL = YES;
				CLANG_ANALYZER_NUMBER_OBJECT_CONVERSION = YES_AGGRESSIVE;
				CLANG_CXX_LANGUAGE_STANDARD = "gnu++20";
				CLANG_ENABLE_MODULES = YES;
				CLANG_ENABLE_OBJC_ARC = YES;
				CLANG_ENABLE_OBJC_WEAK = YES;
				CLANG_WARN_BLOCK_CAPTURE_AUTORELEASING = YES;
				CLANG_WARN_BOOL_CONVERSION = YES;
				CLANG_WARN_COMMA = YES;
				CLANG_WARN_CONSTANT_CONVERSION = YES;
				CLANG_WARN_DEPRECATED_OBJC_IMPLEMENTATIONS = YES;
				CLANG_WARN_DIRECT_OBJC_ISA_USAGE = YES_ERROR;
				CLANG_WARN_DOCUMENTATION_COMMENTS = YES;
				CLANG_WARN_EMPTY_BODY = YES;
				CLANG_WARN_ENUM_CONVERSION = YES;
				CLANG_WARN_INFINITE_RECURSION = YES;
				CLANG_WARN_INT_CONVERSION = YES;
				CLANG_WARN_NON_LITERAL_NULL_CONVERSION = YES;
				CLANG_WARN_OBJC_IMPLICIT_RETAIN_SELF = YES;
				CLANG_WARN_OBJC_LITERAL_CONVERSION = YES;
				CLANG_WARN_OBJC_ROOT_CLASS = YES_ERROR;
				CLANG_WARN_QUOTED_INCLUDE_IN_FRAMEWORK_HEADER = YES;
				CLANG_WARN_RANGE_LOOP_ANALYSIS = YES;
				CLANG_WARN_STRICT_PROTOTYPES = YES;
				CLANG_WARN_SUSPICIOUS_MOVE = YES;
				CLANG_WARN_UNGUARDED_AVAILABILITY = YES_AGGRESSIVE;
				CLANG_WARN_UNREACHABLE_CODE = YES;
				CLANG_WARN__DUPLICATE_METHOD_MATCH = YES;
				COPY_PHASE_STRIP = NO;
				DEBUG_INFORMATION_FORMAT = "dwarf-with-dsym";
				ENABLE_NS_ASSERTIONS = NO;
				ENABLE_STRICT_OBJC_MSGSEND = YES;
				GCC_C_LANGUAGE_STANDARD = gnu11;
				GCC_NO_COMMON_BLOCKS = YES;
				GCC_WARN_64_TO_32_BIT_CONVERSION = YES;
				GCC_WARN_ABOUT_RETURN_TYPE = YES_ERROR;
				GCC_WARN_UNDECLARED_SELECTOR = YES;
				GCC_WARN_UNINITIALIZED_AUTOS = YES_AGGRESSIVE;
				GCC_WARN_UNUSED_FUNCTION = YES;
				GCC_WARN_UNUSED_VARIABLE = YES;
				IPHONEOS_DEPLOYMENT_TARGET = 16.2;
				MTL_ENABLE_DEBUG_INFO = NO;
				MTL_FAST_MATH = YES;
				SDKROOT = iphoneos;
				SWIFT_COMPILATION_MODE = wholemodule;
				SWIFT_OPTIMIZATION_LEVEL = "-O";
				VALIDATE_PRODUCT = YES;
			};
			name = Release;
		};
		4E4DDEEE29C10EF1003191EB /* Debug */ = {
			isa = XCBuildConfiguration;
			buildSettings = {
				ASSETCATALOG_COMPILER_APPICON_NAME = AppIcon;
				ASSETCATALOG_COMPILER_GLOBAL_ACCENT_COLOR_NAME = AccentColor;
				CODE_SIGN_STYLE = Automatic;
				CURRENT_PROJECT_VERSION = 1;
				DEVELOPMENT_ASSET_PATHS = "\"MiaMate.2/Preview Content\"";
				DEVELOPMENT_TEAM = N3R849TSKD;
				ENABLE_PREVIEWS = YES;
				GENERATE_INFOPLIST_FILE = YES;
				INFOPLIST_KEY_UIApplicationSceneManifest_Generation = YES;
				INFOPLIST_KEY_UIApplicationSupportsIndirectInputEvents = YES;
				INFOPLIST_KEY_UILaunchScreen_Generation = YES;
				INFOPLIST_KEY_UISupportedInterfaceOrientations_iPad = "UIInterfaceOrientationPortrait UIInterfaceOrientationPortraitUpsideDown UIInterfaceOrientationLandscapeLeft UIInterfaceOrientationLandscapeRight";
				INFOPLIST_KEY_UISupportedInterfaceOrientations_iPhone = "UIInterfaceOrientationPortrait UIInterfaceOrientationLandscapeLeft UIInterfaceOrientationLandscapeRight";
				LD_RUNPATH_SEARCH_PATHS = (
					"$(inherited)",
					"@executable_path/Frameworks",
				);
				MARKETING_VERSION = 1.0;
				PRODUCT_BUNDLE_IDENTIFIER = "com.ArianneXiang.MiaMate-2";
				PRODUCT_NAME = "$(TARGET_NAME)";
				SWIFT_EMIT_LOC_STRINGS = YES;
				SWIFT_VERSION = 5.0;
				TARGETED_DEVICE_FAMILY = "1,2";
			};
			name = Debug;
		};
		4E4DDEEF29C10EF1003191EB /* Release */ = {
			isa = XCBuildConfiguration;
			buildSettings = {
				ASSETCATALOG_COMPILER_APPICON_NAME = AppIcon;
				ASSETCATALOG_COMPILER_GLOBAL_ACCENT_COLOR_NAME = AccentColor;
				CODE_SIGN_STYLE = Automatic;
				CURRENT_PROJECT_VERSION = 1;
				DEVELOPMENT_ASSET_PATHS = "\"MiaMate.2/Preview Content\"";
				DEVELOPMENT_TEAM = N3R849TSKD;
				ENABLE_PREVIEWS = YES;
				GENERATE_INFOPLIST_FILE = YES;
				INFOPLIST_KEY_UIApplicationSceneManifest_Generation = YES;
				INFOPLIST_KEY_UIApplicationSupportsIndirectInputEvents = YES;
				INFOPLIST_KEY_UILaunchScreen_Generation = YES;
				INFOPLIST_KEY_UISupportedInterfaceOrientations_iPad = "UIInterfaceOrientationPortrait UIInterfaceOrientationPortraitUpsideDown UIInterfaceOrientationLandscapeLeft UIInterfaceOrientationLandscapeRight";
				INFOPLIST_KEY_UISupportedInterfaceOrientations_iPhone = "UIInterfaceOrientationPortrait UIInterfaceOrientationLandscapeLeft UIInterfaceOrientationLandscapeRight";
				LD_RUNPATH_SEARCH_PATHS = (
					"$(inherited)",
					"@executable_path/Frameworks",
				);
				MARKETING_VERSION = 1.0;
				PRODUCT_BUNDLE_IDENTIFIER = "com.ArianneXiang.MiaMate-2";
				PRODUCT_NAME = "$(TARGET_NAME)";
				SWIFT_EMIT_LOC_STRINGS = YES;
				SWIFT_VERSION = 5.0;
				TARGETED_DEVICE_FAMILY = "1,2";
			};
			name = Release;
		};
/* End XCBuildConfiguration section */

/* Begin XCConfigurationList section */
		4E4DDED529C10EEF003191EB /* Build configuration list for PBXProject "MiaMate.2" */ = {
			isa = XCConfigurationList;
			buildConfigurations = (
				4E4DDEEB29C10EF1003191EB /* Debug */,
				4E4DDEEC29C10EF1003191EB /* Release */,
			);
			defaultConfigurationIsVisible = 0;
			defaultConfigurationName = Release;
		};
		4E4DDEED29C10EF1003191EB /* Build configuration list for PBXNativeTarget "MiaMate.2" */ = {
			isa = XCConfigurationList;
			buildConfigurations = (
				4E4DDEEE29C10EF1003191EB /* Debug */,
				4E4DDEEF29C10EF1003191EB /* Release */,
			);
			defaultConfigurationIsVisible = 0;
			defaultConfigurationName = Release;
		};
/* End XCConfigurationList section */

/* Begin XCRemoteSwiftPackageReference section */
		4E4DDEF429C1106E003191EB /* XCRemoteSwiftPackageReference "OpenAISwift" */ = {
			isa = XCRemoteSwiftPackageReference;
			repositoryURL = "https://github.com/adamrushy/OpenAISwift.git";
			requirement = {
				branch = main;
				kind = branch;
			};
		};
/* End XCRemoteSwiftPackageReference section */

/* Begin XCSwiftPackageProductDependency section */
		4E4DDEF529C1106E003191EB /* OpenAISwift */ = {
			isa = XCSwiftPackageProductDependency;
			package = 4E4DDEF429C1106E003191EB /* XCRemoteSwiftPackageReference "OpenAISwift" */;
			productName = OpenAISwift;
		};
/* End XCSwiftPackageProductDependency section */

/* Begin XCVersionGroup section */
		4E4DDEE829C10EF1003191EB /* MiaMate_2.xcdatamodeld */ = {
			isa = XCVersionGroup;
			children = (
				4E4DDEE929C10EF1003191EB /* MiaMate_2.xcdatamodel */,
			);
			currentVersion = 4E4DDEE929C10EF1003191EB /* MiaMate_2.xcdatamodel */;
			path = MiaMate_2.xcdatamodeld;
			sourceTree = "<group>";
			versionGroupType = wrapper.xcdatamodel;
		};
/* End XCVersionGroup section */
	};
	rootObject = 4E4DDED229C10EEF003191EB /* Project object */;
}
